<?xml version="1.0" encoding="utf-8"?>
<Project ToolsVersion="4.0" xmlns="http://schemas.microsoft.com/developer/msbuild/2003">
  <ItemGroup>
    <ClCompile Include="src\AnimMesh.cpp" />
    <ClCompile Include="src\AnimModel.cpp" />
    <ClCompile Include="src\Boss.cpp" />
    <ClCompile Include="src\Button.cpp" />
    <ClCompile Include="src\ControllerComponent.cpp" />
    <ClCompile Include="src\Enemy.cpp" />
    <ClCompile Include="src\Grid.cpp" />
    <ClCompile Include="src\Gun.cpp" />
    <ClCompile Include="src\Image.cpp" />
    <ClCompile Include="src\Camera.cpp" />
    <ClCompile Include="src\CollisionComponent.cpp" />
    <ClCompile Include="src\DirectionalLight.cpp" />
    <ClCompile Include="src\Input.cpp" />
    <ClCompile Include="src\LobbyMenu.cpp" />
    <ClCompile Include="src\Game.cpp" />
    <ClCompile Include="src\ControlsMenu.cpp" />
    <ClCompile Include="src\GameObject.cpp" />
    <ClCompile Include="src\GraphicsMenu.cpp" />
    <ClCompile Include="src\main.cpp" />
    <ClCompile Include="src\MainMenu.cpp" />
    <ClCompile Include="src\Menu.cpp" />
    <ClCompile Include="src\Node.cpp" />
    <ClCompile Include="src\Obstacle.cpp" />
    <ClCompile Include="src\OptionsMenu.cpp" />
    <ClCompile Include="src\PathManager.cpp" />
    <ClCompile Include="src\Player.cpp" />
    <ClCompile Include="src\PointLight.cpp" />
    <ClCompile Include="src\Prop.cpp" />
    <ClCompile Include="src\RenderComponent.cpp" />
    <ClCompile Include="src\ScoreboardMenu.cpp" />
    <ClCompile Include="src\Shader.cpp" />
    <ClCompile Include="src\SinglePlayerMenu.cpp" />
    <ClCompile Include="src\Skybox.cpp" />
    <ClCompile Include="src\SpotLight.cpp" />
    <ClCompile Include="src\Text.cpp" />
    <ClCompile Include="src\TransformComponent.cpp" />
    <ClCompile Include="src\TextureLoader.cpp" />
    <ClCompile Include="src\WaveSpawner.cpp" />
    <ClCompile Include="src\windowGLFW.cpp" />
  </ItemGroup>
  <ItemGroup>
    <ClInclude Include="src\ControllerComponent.h" />
    <ClInclude Include="src\Boss.h" />
    <ClInclude Include="src\Enemy.h" />
    <ClInclude Include="src\Grid.h" />
    <ClInclude Include="src\Node.h" />
    <ClInclude Include="src\Obstacle.h" />
    <ClInclude Include="src\PathManager.h" />
    <ClInclude Include="src\WaveSpawner.h" />
    <ClInclude Include="src\Gun.h" />
    <ClInclude Include="src\LobbyMenu.h" />
    <ClInclude Include="src\AnimMesh.h" />
    <ClInclude Include="src\AnimModel.h" />
    <ClInclude Include="src\Image.h" />
    <ClInclude Include="src\Button.h" />
    <ClInclude Include="src\Input.h" />
    <ClInclude Include="src\Player.h" />
    <ClInclude Include="src\PointLight.h" />
    <ClInclude Include="src\SpotLight.h" />
    <ClInclude Include="src\DirectionalLight.h" />
    <ClInclude Include="src\Light.h" />
    <ClInclude Include="src\Camera.h" />
    <ClInclude Include="src\Prop.h" />
    <ClInclude Include="src\Shader.h" />
    <ClInclude Include="src\CollisionComponent.h" />
    <ClInclude Include="src\Skybox.h" />
    <ClInclude Include="src\Game.h" />
    <ClInclude Include="src\GameObject.h" />
    <ClInclude Include="src\RenderComponent.h" />
    <ClInclude Include="src\ControlsMenu.h" />
    <ClInclude Include="src\GraphicsMenu.h" />
    <ClInclude Include="src\MainMenu.h" />
    <ClInclude Include="src\MenuState.h" />
    <ClInclude Include="src\Menu.h" />
    <ClInclude Include="src\OptionsMenu.h" />
    <ClInclude Include="src\ScoreboardMenu.h" />
    <ClInclude Include="src\SinglePlayerMenu.h" />
    <ClInclude Include="src\Text.h" />
    <ClInclude Include="src\TransformComponent.h" />
    <ClInclude Include="src\TextureLoader.h" />
    <ClInclude Include="src\Weapon.h" />
    <ClInclude Include="src\windowGLFW.h" />
    <ClInclude Include="Time.h" />
  </ItemGroup>
  <ItemGroup>
    <None Include="src\Image.frag" />
    <None Include="src\Image.vert" />
    <None Include="src\skyboxShader.frag" />
    <None Include="src\skyboxShader.vert" />
    <None Include="src\toonShader.frag" />
    <None Include="src\toonShader.vert" />
  </ItemGroup>
</Project>